<?xml version="1.0" encoding="utf-8"?>
<Project ToolsVersion="4.0" xmlns="http://schemas.microsoft.com/developer/msbuild/2003">
  <ItemGroup>
    <Filter Include="Source Files">
      <UniqueIdentifier>{4FC737F1-C7A5-4376-A066-2A32D752A2FF}</UniqueIdentifier>
      <Extensions>cpp;c;cc;cxx;c++;cppm;ixx;def;odl;idl;hpj;bat;asm;asmx</Extensions>
    </Filter>
    <Filter Include="Header Files">
      <UniqueIdentifier>{93995380-89BD-4b04-88EB-625FBE52EBFB}</UniqueIdentifier>
      <Extensions>h;hh;hpp;hxx;h++;hm;inl;inc;ipp;xsd</Extensions>
    </Filter>
    <Filter Include="Resource Files">
      <UniqueIdentifier>{67DA6AB6-F800-4c08-8B7A-83BB121AAD01}</UniqueIdentifier>
      <Extensions>rc;ico;cur;bmp;dlg;rc2;rct;bin;rgs;gif;jpg;jpeg;jpe;resx;tiff;tif;png;wav;mfcribbon-ms</Extensions>
    </Filter>
  </ItemGroup>
  <ItemGroup>
    <ClCompile Include="main.cpp">
      <Filter>Source Files</Filter>
    </ClCompile>
    <ClCompile Include="StarsEffect.cpp">
      <Filter>Source Files</Filter>
    </ClCompile>
    <ClCompile Include="EffectTemplate.cpp">
      <Filter>Source Files</Filter>
    </ClCompile>
    <ClCompile Include="StarsEffectChallenge2.cpp">
      <Filter>Source Files</Filter>
    </ClCompile>
    <ClCompile Include="PlasmaEffect.cpp">
      <Filter>Source Files</Filter>
    </ClCompile>
    <ClCompile Include="Clock.cpp">
      <Filter>Source Files</Filter>
    </ClCompile>
    <ClCompile Include="PlasmaEffectChallenge3.cpp">
      <Filter>Source Files</Filter>
    </ClCompile>
    <ClCompile Include="FireEffect.cpp">
      <Filter>Source Files</Filter>
    </ClCompile>
    <ClCompile Include="DistortionEffect.cpp">
      <Filter>Source Files</Filter>
    </ClCompile>
    <ClCompile Include="BumpmapEffect.cpp">
      <Filter>Source Files</Filter>
    </ClCompile>
    <ClCompile Include="FractalEffect.cpp">
      <Filter>Source Files</Filter>
    </ClCompile>
    <ClCompile Include="TunnelEffect.cpp">
      <Filter>Source Files</Filter>
    </ClCompile>
    <ClCompile Include="RotozoomEffect.cpp">
      <Filter>Source Files</Filter>
    </ClCompile>
    <ClCompile Include="Vector.cpp">
      <Filter>Source Files</Filter>
    </ClCompile>
    <ClCompile Include="Matrix.cpp">
      <Filter>Source Files</Filter>
    </ClCompile>
    <ClCompile Include="ParticleEffect.cpp">
      <Filter>Source Files</Filter>
    </ClCompile>
    <ClCompile Include="C3DEffect.cpp">
      <Filter>Source Files</Filter>
    </ClCompile>
    <ClCompile Include="TerraEffect.cpp">
      <Filter>Source Files</Filter>
    </ClCompile>
    <ClCompile Include="SyncEffect.cpp">
      <Filter>Source Files</Filter>
    </ClCompile>
    <ClCompile Include="TransitionEffect.cpp">
      <Filter>Source Files</Filter>
    </ClCompile>
    <ClCompile Include="RowTransitionEffect.cpp">
      <Filter>Source Files</Filter>
    </ClCompile>
    <ClCompile Include="ColumnTransitionEffect.cpp">
      <Filter>Source Files</Filter>
    </ClCompile>
    <ClCompile Include="CircleTransitionEffect.cpp">
      <Filter>Source Files</Filter>
    </ClCompile>
    <ClCompile Include="ParticleEffectOptimized.cpp">
      <Filter>Source Files</Filter>
    </ClCompile>
    <ClCompile Include="FlowEffect.cpp">
      <Filter>Source Files</Filter>
    </ClCompile>
    <ClCompile Include="VortexEffect.cpp">
      <Filter>Source Files</Filter>
    </ClCompile>
    <ClCompile Include="Pec1AudioEffect.cpp">
      <Filter>Source Files</Filter>
    </ClCompile>
    <ClCompile Include="TextUtils.cpp">
      <Filter>Source Files</Filter>
    </ClCompile>
    <ClCompile Include="FlockingEffect.cpp">
      <Filter>Source Files</Filter>
    </ClCompile>
    <ClCompile Include="PlasmaPec1Effect.cpp">
      <Filter>Source Files</Filter>
    </ClCompile>
    <ClCompile Include="FractalPec1Effect.cpp">
      <Filter>Source Files</Filter>
    </ClCompile>
  </ItemGroup>
  <ItemGroup>
    <ClInclude Include="EffectTemplate.h">
      <Filter>Header Files</Filter>
    </ClInclude>
    <ClInclude Include="StarsEffect.h">
      <Filter>Header Files</Filter>
    </ClInclude>
    <ClInclude Include="StarsEffectChallenge2.h">
      <Filter>Header Files</Filter>
    </ClInclude>
    <ClInclude Include="PlasmaEffect.h">
      <Filter>Header Files</Filter>
    </ClInclude>
    <ClInclude Include="Clock.h">
      <Filter>Header Files</Filter>
    </ClInclude>
    <ClInclude Include="PlasmaEffectChallenge3.h">
      <Filter>Header Files</Filter>
    </ClInclude>
    <ClInclude Include="FireEffect.h">
      <Filter>Header Files</Filter>
    </ClInclude>
    <ClInclude Include="DistortionEffect.h">
      <Filter>Header Files</Filter>
    </ClInclude>
    <ClInclude Include="BumpmapEffect.h">
      <Filter>Header Files</Filter>
    </ClInclude>
    <ClInclude Include="FractalEffect.h">
      <Filter>Header Files</Filter>
    </ClInclude>
    <ClInclude Include="TunnelEffect.h">
      <Filter>Header Files</Filter>
    </ClInclude>
    <ClInclude Include="RotozoomEffect.h">
      <Filter>Header Files</Filter>
    </ClInclude>
    <ClInclude Include="Vector.h">
      <Filter>Header Files</Filter>
    </ClInclude>
    <ClInclude Include="Matrix.h">
      <Filter>Header Files</Filter>
    </ClInclude>
    <ClInclude Include="ParticleEffect.h">
      <Filter>Header Files</Filter>
    </ClInclude>
    <ClInclude Include="C3DEffect.h">
      <Filter>Header Files</Filter>
    </ClInclude>
    <ClInclude Include="TerraEffect.h">
      <Filter>Header Files</Filter>
    </ClInclude>
    <ClInclude Include="SyncEffect.h">
      <Filter>Header Files</Filter>
    </ClInclude>
    <ClInclude Include="TransitionEffect.h">
      <Filter>Header Files</Filter>
    </ClInclude>
    <ClInclude Include="RowTransitionEffect.h">
      <Filter>Header Files</Filter>
    </ClInclude>
    <ClInclude Include="ColumnTransitionEffect.h">
      <Filter>Header Files</Filter>
    </ClInclude>
    <ClInclude Include="CircleTransitionEffect.h">
      <Filter>Header Files</Filter>
    </ClInclude>
    <ClInclude Include="ParticleEffectOptimized.h">
      <Filter>Header Files</Filter>
    </ClInclude>
    <ClInclude Include="resource.h">
      <Filter>Header Files</Filter>
    </ClInclude>
    <ClInclude Include="FlowEffect.h">
      <Filter>Header Files</Filter>
    </ClInclude>
    <ClInclude Include="VortexEffect.h">
      <Filter>Header Files</Filter>
    </ClInclude>
    <ClInclude Include="Pec1AudioEffect.h">
      <Filter>Header Files</Filter>
    </ClInclude>
    <ClInclude Include="TextUtils.h">
      <Filter>Header Files</Filter>
    </ClInclude>
    <ClInclude Include="FlockingEffect.h">
      <Filter>Header Files</Filter>
    </ClInclude>
    <ClInclude Include="PlasmaPec1Effect.h">
      <Filter>Header Files</Filter>
    </ClInclude>
    <ClInclude Include="FractalPec1Effect.h">
      <Filter>Header Files</Filter>
    </ClInclude>
  </ItemGroup>
  <ItemGroup>
    <ResourceCompile Include="PEC1.rc">
      <Filter>Resource Files</Filter>
    </ResourceCompile>
  </ItemGroup>
</Project>